
Microsoft Visual Studio Solution File, Format Version 12.00
# Visual Studio Version 16
VisualStudioVersion = 16.0.29306.81
MinimumVisualStudioVersion = 10.0.40219.1
Project("{8BC9CEB8-8B4A-11D0-8D11-00A0C91BC942}") = "DuiLib2010", "DuiLib2010.vcxproj", "{E106ACD7-4E53-4AEE-942B-D0DD426DB34E}"
EndProject
Project("{8BC9CEB8-8B4A-11D0-8D11-00A0C91BC942}") = "DuilibPreview", "..\DuilibPreview\DuilibPreview.vcxproj", "{EE79BF1D-D67A-4320-8D1B-5684FA24987B}"
	ProjectSection(ProjectDependencies) = postProject
		{E106ACD7-4E53-4AEE-942B-D0DD426DB34E} = {E106ACD7-4E53-4AEE-942B-D0DD426DB34E}
	EndProjectSection
EndProject
Project("{8BC9CEB8-8B4A-11D0-8D11-00A0C91BC942}") = "DuiPreview", "..\DuiPreview\DuiPreview.vcxproj", "{81508C8D-2C3F-41C2-AFD8-D5955C4C1230}"
EndProject
Global
	GlobalSection(SolutionConfigurationPlatforms) = preSolution
		Debug|Win32 = Debug|Win32
		Debug|x64 = Debug|x64
		Release|Win32 = Release|Win32
		Release|x64 = Release|x64
		s|Win32 = s|Win32
		s|x64 = s|x64
		sd|Win32 = sd|Win32
		sd|x64 = sd|x64
		su_mt|Win32 = su_mt|Win32
		su_mt|x64 = su_mt|x64
		su|Win32 = su|Win32
		su|x64 = su|x64
		sud_mt|Win32 = sud_mt|Win32
		sud_mt|x64 = sud_mt|x64
		sud|Win32 = sud|Win32
		sud|x64 = sud|x64
		u|Win32 = u|Win32
		u|x64 = u|x64
		ud|Win32 = ud|Win32
		ud|x64 = ud|x64
	EndGlobalSection
	GlobalSection(ProjectConfigurationPlatforms) = postSolution
		{E106ACD7-4E53-4AEE-942B-D0DD426DB34E}.Debug|Win32.ActiveCfg = Debug|Win32
		{E106ACD7-4E53-4AEE-942B-D0DD426DB34E}.Debug|Win32.Build.0 = Debug|Win32
		{E106ACD7-4E53-4AEE-942B-D0DD426DB34E}.Debug|x64.ActiveCfg = Debug|x64
		{E106ACD7-4E53-4AEE-942B-D0DD426DB34E}.Debug|x64.Build.0 = Debug|x64
		{E106ACD7-4E53-4AEE-942B-D0DD426DB34E}.Release|Win32.ActiveCfg = Release|Win32
		{E106ACD7-4E53-4AEE-942B-D0DD426DB34E}.Release|Win32.Build.0 = Release|Win32
		{E106ACD7-4E53-4AEE-942B-D0DD426DB34E}.Release|x64.ActiveCfg = Release|x64
		{E106ACD7-4E53-4AEE-942B-D0DD426DB34E}.Release|x64.Build.0 = Release|x64
		{E106ACD7-4E53-4AEE-942B-D0DD426DB34E}.s|Win32.ActiveCfg = s|Win32
		{E106ACD7-4E53-4AEE-942B-D0DD426DB34E}.s|Win32.Build.0 = s|Win32
		{E106ACD7-4E53-4AEE-942B-D0DD426DB34E}.s|x64.ActiveCfg = s|x64
		{E106ACD7-4E53-4AEE-942B-D0DD426DB34E}.s|x64.Build.0 = s|x64
		{E106ACD7-4E53-4AEE-942B-D0DD426DB34E}.sd|Win32.ActiveCfg = sd|Win32
		{E106ACD7-4E53-4AEE-942B-D0DD426DB34E}.sd|Win32.Build.0 = sd|Win32
		{E106ACD7-4E53-4AEE-942B-D0DD426DB34E}.sd|x64.ActiveCfg = sd|x64
		{E106ACD7-4E53-4AEE-942B-D0DD426DB34E}.sd|x64.Build.0 = sd|x64
		{E106ACD7-4E53-4AEE-942B-D0DD426DB34E}.su_mt|Win32.ActiveCfg = su_mt|Win32
		{E106ACD7-4E53-4AEE-942B-D0DD426DB34E}.su_mt|Win32.Build.0 = su_mt|Win32
		{E106ACD7-4E53-4AEE-942B-D0DD426DB34E}.su_mt|x64.ActiveCfg = su_mt|x64
		{E106ACD7-4E53-4AEE-942B-D0DD426DB34E}.su_mt|x64.Build.0 = su_mt|x64
		{E106ACD7-4E53-4AEE-942B-D0DD426DB34E}.su|Win32.ActiveCfg = su|Win32
		{E106ACD7-4E53-4AEE-942B-D0DD426DB34E}.su|Win32.Build.0 = su|Win32
		{E106ACD7-4E53-4AEE-942B-D0DD426DB34E}.su|x64.ActiveCfg = su|x64
		{E106ACD7-4E53-4AEE-942B-D0DD426DB34E}.su|x64.Build.0 = su|x64
		{E106ACD7-4E53-4AEE-942B-D0DD426DB34E}.sud_mt|Win32.ActiveCfg = sud_mt|Win32
		{E106ACD7-4E53-4AEE-942B-D0DD426DB34E}.sud_mt|Win32.Build.0 = sud_mt|Win32
		{E106ACD7-4E53-4AEE-942B-D0DD426DB34E}.sud_mt|x64.ActiveCfg = sud|x64
		{E106ACD7-4E53-4AEE-942B-D0DD426DB34E}.sud_mt|x64.Build.0 = sud|x64
		{E106ACD7-4E53-4AEE-942B-D0DD426DB34E}.sud|Win32.ActiveCfg = sud|Win32
		{E106ACD7-4E53-4AEE-942B-D0DD426DB34E}.sud|Win32.Build.0 = sud|Win32
		{E106ACD7-4E53-4AEE-942B-D0DD426DB34E}.sud|x64.ActiveCfg = sud|x64
		{E106ACD7-4E53-4AEE-942B-D0DD426DB34E}.sud|x64.Build.0 = sud|x64
		{E106ACD7-4E53-4AEE-942B-D0DD426DB34E}.u|Win32.ActiveCfg = u|Win32
		{E106ACD7-4E53-4AEE-942B-D0DD426DB34E}.u|Win32.Build.0 = u|Win32
		{E106ACD7-4E53-4AEE-942B-D0DD426DB34E}.u|x64.ActiveCfg = u|x64
		{E106ACD7-4E53-4AEE-942B-D0DD426DB34E}.u|x64.Build.0 = u|x64
		{E106ACD7-4E53-4AEE-942B-D0DD426DB34E}.ud|Win32.ActiveCfg = ud|Win32
		{E106ACD7-4E53-4AEE-942B-D0DD426DB34E}.ud|Win32.Build.0 = ud|Win32
		{E106ACD7-4E53-4AEE-942B-D0DD426DB34E}.ud|x64.ActiveCfg = ud|x64
		{E106ACD7-4E53-4AEE-942B-D0DD426DB34E}.ud|x64.Build.0 = ud|x64
		{EE79BF1D-D67A-4320-8D1B-5684FA24987B}.Debug|Win32.ActiveCfg = Debug|Win32
		{EE79BF1D-D67A-4320-8D1B-5684FA24987B}.Debug|Win32.Build.0 = Debug|Win32
		{EE79BF1D-D67A-4320-8D1B-5684FA24987B}.Debug|x64.ActiveCfg = Debug|Win32
		{EE79BF1D-D67A-4320-8D1B-5684FA24987B}.Release|Win32.ActiveCfg = Release|Win32
		{EE79BF1D-D67A-4320-8D1B-5684FA24987B}.Release|Win32.Build.0 = Release|Win32
		{EE79BF1D-D67A-4320-8D1B-5684FA24987B}.Release|x64.ActiveCfg = Release|Win32
		{EE79BF1D-D67A-4320-8D1B-5684FA24987B}.s|Win32.ActiveCfg = Release|Win32
		{EE79BF1D-D67A-4320-8D1B-5684FA24987B}.s|Win32.Build.0 = Release|Win32
		{EE79BF1D-D67A-4320-8D1B-5684FA24987B}.s|x64.ActiveCfg = Release|Win32
		{EE79BF1D-D67A-4320-8D1B-5684FA24987B}.sd|Win32.ActiveCfg = Debug|Win32
		{EE79BF1D-D67A-4320-8D1B-5684FA24987B}.sd|Win32.Build.0 = Debug|Win32
		{EE79BF1D-D67A-4320-8D1B-5684FA24987B}.sd|x64.ActiveCfg = Debug|Win32
		{EE79BF1D-D67A-4320-8D1B-5684FA24987B}.su_mt|Win32.ActiveCfg = Release|Win32
		{EE79BF1D-D67A-4320-8D1B-5684FA24987B}.su_mt|Win32.Build.0 = Release|Win32
		{EE79BF1D-D67A-4320-8D1B-5684FA24987B}.su_mt|x64.ActiveCfg = Release|Win32
		{EE79BF1D-D67A-4320-8D1B-5684FA24987B}.su|Win32.ActiveCfg = Release|Win32
		{EE79BF1D-D67A-4320-8D1B-5684FA24987B}.su|Win32.Build.0 = Release|Win32
		{EE79BF1D-D67A-4320-8D1B-5684FA24987B}.su|x64.ActiveCfg = Release|Win32
		{EE79BF1D-D67A-4320-8D1B-5684FA24987B}.sud_mt|Win32.ActiveCfg = Release|Win32
		{EE79BF1D-D67A-4320-8D1B-5684FA24987B}.sud_mt|x64.ActiveCfg = Release|Win32
		{EE79BF1D-D67A-4320-8D1B-5684FA24987B}.sud|Win32.ActiveCfg = Debug|Win32
		{EE79BF1D-D67A-4320-8D1B-5684FA24987B}.sud|Win32.Build.0 = Debug|Win32
		{EE79BF1D-D67A-4320-8D1B-5684FA24987B}.sud|x64.ActiveCfg = Debug|Win32
		{EE79BF1D-D67A-4320-8D1B-5684FA24987B}.u|Win32.ActiveCfg = Release|Win32
		{EE79BF1D-D67A-4320-8D1B-5684FA24987B}.u|Win32.Build.0 = Release|Win32
		{EE79BF1D-D67A-4320-8D1B-5684FA24987B}.u|x64.ActiveCfg = Release|Win32
		{EE79BF1D-D67A-4320-8D1B-5684FA24987B}.ud|Win32.ActiveCfg = Debug|Win32
		{EE79BF1D-D67A-4320-8D1B-5684FA24987B}.ud|Win32.Build.0 = Debug|Win32
		{EE79BF1D-D67A-4320-8D1B-5684FA24987B}.ud|x64.ActiveCfg = Debug|Win32
		{81508C8D-2C3F-41C2-AFD8-D5955C4C1230}.Debug|Win32.ActiveCfg = Debug|Win32
		{81508C8D-2C3F-41C2-AFD8-D5955C4C1230}.Debug|Win32.Build.0 = Debug|Win32
		{81508C8D-2C3F-41C2-AFD8-D5955C4C1230}.Debug|x64.ActiveCfg = Debug|Win32
		{81508C8D-2C3F-41C2-AFD8-D5955C4C1230}.Release|Win32.ActiveCfg = Release|Win32
		{81508C8D-2C3F-41C2-AFD8-D5955C4C1230}.Release|Win32.Build.0 = Release|Win32
		{81508C8D-2C3F-41C2-AFD8-D5955C4C1230}.Release|x64.ActiveCfg = Release|Win32
		{81508C8D-2C3F-41C2-AFD8-D5955C4C1230}.s|Win32.ActiveCfg = Release|Win32
		{81508C8D-2C3F-41C2-AFD8-D5955C4C1230}.s|Win32.Build.0 = Release|Win32
		{81508C8D-2C3F-41C2-AFD8-D5955C4C1230}.s|x64.ActiveCfg = Release|Win32
		{81508C8D-2C3F-41C2-AFD8-D5955C4C1230}.s|x64.Build.0 = Release|Win32
		{81508C8D-2C3F-41C2-AFD8-D5955C4C1230}.sd|Win32.ActiveCfg = Release|Win32
		{81508C8D-2C3F-41C2-AFD8-D5955C4C1230}.sd|Win32.Build.0 = Release|Win32
		{81508C8D-2C3F-41C2-AFD8-D5955C4C1230}.sd|x64.ActiveCfg = Release|Win32
		{81508C8D-2C3F-41C2-AFD8-D5955C4C1230}.sd|x64.Build.0 = Release|Win32
		{81508C8D-2C3F-41C2-AFD8-D5955C4C1230}.su_mt|Win32.ActiveCfg = Release|Win32
		{81508C8D-2C3F-41C2-AFD8-D5955C4C1230}.su_mt|Win32.Build.0 = Release|Win32
		{81508C8D-2C3F-41C2-AFD8-D5955C4C1230}.su_mt|x64.ActiveCfg = Release|Win32
		{81508C8D-2C3F-41C2-AFD8-D5955C4C1230}.su_mt|x64.Build.0 = Release|Win32
		{81508C8D-2C3F-41C2-AFD8-D5955C4C1230}.su|Win32.ActiveCfg = Release|Win32
		{81508C8D-2C3F-41C2-AFD8-D5955C4C1230}.su|Win32.Build.0 = Release|Win32
		{81508C8D-2C3F-41C2-AFD8-D5955C4C1230}.su|x64.ActiveCfg = Release|Win32
		{81508C8D-2C3F-41C2-AFD8-D5955C4C1230}.su|x64.Build.0 = Release|Win32
		{81508C8D-2C3F-41C2-AFD8-D5955C4C1230}.sud_mt|Win32.ActiveCfg = Release|Win32
		{81508C8D-2C3F-41C2-AFD8-D5955C4C1230}.sud_mt|Win32.Build.0 = Release|Win32
		{81508C8D-2C3F-41C2-AFD8-D5955C4C1230}.sud_mt|x64.ActiveCfg = Release|Win32
		{81508C8D-2C3F-41C2-AFD8-D5955C4C1230}.sud_mt|x64.Build.0 = Release|Win32
		{81508C8D-2C3F-41C2-AFD8-D5955C4C1230}.sud|Win32.ActiveCfg = Release|Win32
		{81508C8D-2C3F-41C2-AFD8-D5955C4C1230}.sud|Win32.Build.0 = Release|Win32
		{81508C8D-2C3F-41C2-AFD8-D5955C4C1230}.sud|x64.ActiveCfg = Release|Win32
		{81508C8D-2C3F-41C2-AFD8-D5955C4C1230}.sud|x64.Build.0 = Release|Win32
		{81508C8D-2C3F-41C2-AFD8-D5955C4C1230}.u|Win32.ActiveCfg = Debug|Win32
		{81508C8D-2C3F-41C2-AFD8-D5955C4C1230}.u|Win32.Build.0 = Debug|Win32
		{81508C8D-2C3F-41C2-AFD8-D5955C4C1230}.u|x64.ActiveCfg = Release|Win32
		{81508C8D-2C3F-41C2-AFD8-D5955C4C1230}.u|x64.Build.0 = Release|Win32
		{81508C8D-2C3F-41C2-AFD8-D5955C4C1230}.ud|Win32.ActiveCfg = Release|Win32
		{81508C8D-2C3F-41C2-AFD8-D5955C4C1230}.ud|Win32.Build.0 = Release|Win32
		{81508C8D-2C3F-41C2-AFD8-D5955C4C1230}.ud|x64.ActiveCfg = Release|Win32
		{81508C8D-2C3F-41C2-AFD8-D5955C4C1230}.ud|x64.Build.0 = Release|Win32
	EndGlobalSection
	GlobalSection(SolutionProperties) = preSolution
		HideSolutionNode = FALSE
	EndGlobalSection
	GlobalSection(ExtensibilityGlobals) = postSolution
		SolutionGuid = {51999F00-7583-4AF8-85A5-9AF3316DB3A5}
	EndGlobalSection
EndGlobal
